
Microsoft Visual Studio Solution File, Format Version 12.00
# Visual Studio 15
Project("{FAE04EC0-301F-11D3-BF4B-00C04F79EFBC}") = "FetchDispSaveAPI.Android", "FetchDispSaveAPI.Android\FetchDispSaveAPI.Android.csproj", "{1A67D707-46CE-4A3E-BF4D-6230908BB133}"
EndProject
Project("{FAE04EC0-301F-11D3-BF4B-00C04F79EFBC}") = "FetchDispSaveAPI.iOS", "FetchDispSaveAPI.iOS\FetchDispSaveAPI.iOS.csproj", "{DF211AE3-6C27-4F92-8C84-61EEA79422A8}"
EndProject
Project("{FAE04EC0-301F-11D3-BF4B-00C04F79EFBC}") = "FetchDispSaveAPI.UITests", "FetchDispSaveAPI.UITests\FetchDispSaveAPI.UITests.csproj", "{88E00ACA-6196-47C7-B84F-E85672D20693}"
EndProject
Project("{FAE04EC0-301F-11D3-BF4B-00C04F79EFBC}") = "FetchDispSaveAPI", "FetchDispSaveAPI\FetchDispSaveAPI.csproj", "{5C7554BB-05CF-471A-AC07-5A8C57D6D202}"
EndProject
Global
	GlobalSection(SolutionConfigurationPlatforms) = preSolution
		Debug|Any CPU = Debug|Any CPU
		Release|Any CPU = Release|Any CPU
		Debug|iPhoneSimulator = Debug|iPhoneSimulator
		Release|iPhoneSimulator = Release|iPhoneSimulator
		Debug|iPhone = Debug|iPhone
		Release|iPhone = Release|iPhone
	EndGlobalSection
	GlobalSection(ProjectConfigurationPlatforms) = postSolution
		{1A67D707-46CE-4A3E-BF4D-6230908BB133}.Debug|Any CPU.ActiveCfg = Debug|Any CPU
		{1A67D707-46CE-4A3E-BF4D-6230908BB133}.Debug|Any CPU.Build.0 = Debug|Any CPU
		{1A67D707-46CE-4A3E-BF4D-6230908BB133}.Release|Any CPU.ActiveCfg = Release|Any CPU
		{1A67D707-46CE-4A3E-BF4D-6230908BB133}.Release|Any CPU.Build.0 = Release|Any CPU
		{1A67D707-46CE-4A3E-BF4D-6230908BB133}.Debug|iPhoneSimulator.ActiveCfg = Debug|Any CPU
		{1A67D707-46CE-4A3E-BF4D-6230908BB133}.Debug|iPhoneSimulator.Build.0 = Debug|Any CPU
		{1A67D707-46CE-4A3E-BF4D-6230908BB133}.Release|iPhoneSimulator.ActiveCfg = Release|Any CPU
		{1A67D707-46CE-4A3E-BF4D-6230908BB133}.Release|iPhoneSimulator.Build.0 = Release|Any CPU
		{1A67D707-46CE-4A3E-BF4D-6230908BB133}.Debug|iPhone.ActiveCfg = Debug|Any CPU
		{1A67D707-46CE-4A3E-BF4D-6230908BB133}.Debug|iPhone.Build.0 = Debug|Any CPU
		{1A67D707-46CE-4A3E-BF4D-6230908BB133}.Release|iPhone.ActiveCfg = Release|Any CPU
		{1A67D707-46CE-4A3E-BF4D-6230908BB133}.Release|iPhone.Build.0 = Release|Any CPU
		{DF211AE3-6C27-4F92-8C84-61EEA79422A8}.Debug|Any CPU.ActiveCfg = Debug|iPhoneSimulator
		{DF211AE3-6C27-4F92-8C84-61EEA79422A8}.Debug|Any CPU.Build.0 = Debug|iPhoneSimulator
		{DF211AE3-6C27-4F92-8C84-61EEA79422A8}.Release|Any CPU.ActiveCfg = Release|iPhoneSimulator
		{DF211AE3-6C27-4F92-8C84-61EEA79422A8}.Release|Any CPU.Build.0 = Release|iPhoneSimulator
		{DF211AE3-6C27-4F92-8C84-61EEA79422A8}.Debug|iPhoneSimulator.ActiveCfg = Debug|iPhoneSimulator
		{DF211AE3-6C27-4F92-8C84-61EEA79422A8}.Debug|iPhoneSimulator.Build.0 = Debug|iPhoneSimulator
		{DF211AE3-6C27-4F92-8C84-61EEA79422A8}.Release|iPhoneSimulator.ActiveCfg = Release|iPhoneSimulator
		{DF211AE3-6C27-4F92-8C84-61EEA79422A8}.Release|iPhoneSimulator.Build.0 = Release|iPhoneSimulator
		{DF211AE3-6C27-4F92-8C84-61EEA79422A8}.Debug|iPhone.ActiveCfg = Debug|iPhone
		{DF211AE3-6C27-4F92-8C84-61EEA79422A8}.Debug|iPhone.Build.0 = Debug|iPhone
		{DF211AE3-6C27-4F92-8C84-61EEA79422A8}.Release|iPhone.ActiveCfg = Release|iPhone
		{DF211AE3-6C27-4F92-8C84-61EEA79422A8}.Release|iPhone.Build.0 = Release|iPhone
		{88E00ACA-6196-47C7-B84F-E85672D20693}.Debug|Any CPU.ActiveCfg = Debug|Any CPU
		{88E00ACA-6196-47C7-B84F-E85672D20693}.Debug|Any CPU.Build.0 = Debug|Any CPU
		{88E00ACA-6196-47C7-B84F-E85672D20693}.Release|Any CPU.ActiveCfg = Release|Any CPU
		{88E00ACA-6196-47C7-B84F-E85672D20693}.Release|Any CPU.Build.0 = Release|Any CPU
		{88E00ACA-6196-47C7-B84F-E85672D20693}.Debug|iPhoneSimulator.ActiveCfg = Debug|Any CPU
		{88E00ACA-6196-47C7-B84F-E85672D20693}.Debug|iPhoneSimulator.Build.0 = Debug|Any CPU
		{88E00ACA-6196-47C7-B84F-E85672D20693}.Release|iPhoneSimulator.ActiveCfg = Release|Any CPU
		{88E00ACA-6196-47C7-B84F-E85672D20693}.Release|iPhoneSimulator.Build.0 = Release|Any CPU
		{88E00ACA-6196-47C7-B84F-E85672D20693}.Debug|iPhone.ActiveCfg = Debug|Any CPU
		{88E00ACA-6196-47C7-B84F-E85672D20693}.Debug|iPhone.Build.0 = Debug|Any CPU
		{88E00ACA-6196-47C7-B84F-E85672D20693}.Release|iPhone.ActiveCfg = Release|Any CPU
		{88E00ACA-6196-47C7-B84F-E85672D20693}.Release|iPhone.Build.0 = Release|Any CPU
		{5C7554BB-05CF-471A-AC07-5A8C57D6D202}.Debug|Any CPU.ActiveCfg = Debug|Any CPU
		{5C7554BB-05CF-471A-AC07-5A8C57D6D202}.Debug|Any CPU.Build.0 = Debug|Any CPU
		{5C7554BB-05CF-471A-AC07-5A8C57D6D202}.Release|Any CPU.ActiveCfg = Release|Any CPU
		{5C7554BB-05CF-471A-AC07-5A8C57D6D202}.Release|Any CPU.Build.0 = Release|Any CPU
		{5C7554BB-05CF-471A-AC07-5A8C57D6D202}.Debug|iPhoneSimulator.ActiveCfg = Debug|Any CPU
		{5C7554BB-05CF-471A-AC07-5A8C57D6D202}.Debug|iPhoneSimulator.Build.0 = Debug|Any CPU
		{5C7554BB-05CF-471A-AC07-5A8C57D6D202}.Release|iPhoneSimulator.ActiveCfg = Release|Any CPU
		{5C7554BB-05CF-471A-AC07-5A8C57D6D202}.Release|iPhoneSimulator.Build.0 = Release|Any CPU
		{5C7554BB-05CF-471A-AC07-5A8C57D6D202}.Debug|iPhone.ActiveCfg = Debug|Any CPU
		{5C7554BB-05CF-471A-AC07-5A8C57D6D202}.Debug|iPhone.Build.0 = Debug|Any CPU
		{5C7554BB-05CF-471A-AC07-5A8C57D6D202}.Release|iPhone.ActiveCfg = Release|Any CPU
		{5C7554BB-05CF-471A-AC07-5A8C57D6D202}.Release|iPhone.Build.0 = Release|Any CPU
	EndGlobalSection
EndGlobal
